
Microsoft Visual Studio Solution File, Format Version 12.00
# Visual Studio Version 16
VisualStudioVersion = 16.0.30114.105
MinimumVisualStudioVersion = 10.0.40219.1
Project("{FAE04EC0-301F-11D3-BF4B-00C04F79EFBC}") = "R5T.E0046", "R5T.E0046\R5T.E0046.csproj", "{4CC018B4-8440-454F-85DE-D04351475F54}"
EndProject
Project("{FAE04EC0-301F-11D3-BF4B-00C04F79EFBC}") = "R5T.E0046.Library", "R5T.E0046.Library\R5T.E0046.Library.csproj", "{E7D58602-4C14-4846-AF20-CBDD4F433884}"
EndProject
Global
	GlobalSection(SolutionConfigurationPlatforms) = preSolution
		Debug|Any CPU = Debug|Any CPU
		Debug|x64 = Debug|x64
		Debug|x86 = Debug|x86
		Release|Any CPU = Release|Any CPU
		Release|x64 = Release|x64
		Release|x86 = Release|x86
	EndGlobalSection
	GlobalSection(SolutionProperties) = preSolution
		HideSolutionNode = FALSE
	EndGlobalSection
	GlobalSection(ProjectConfigurationPlatforms) = postSolution
		{4CC018B4-8440-454F-85DE-D04351475F54}.Debug|Any CPU.ActiveCfg = Debug|Any CPU
		{4CC018B4-8440-454F-85DE-D04351475F54}.Debug|Any CPU.Build.0 = Debug|Any CPU
		{4CC018B4-8440-454F-85DE-D04351475F54}.Debug|x64.ActiveCfg = Debug|Any CPU
		{4CC018B4-8440-454F-85DE-D04351475F54}.Debug|x64.Build.0 = Debug|Any CPU
		{4CC018B4-8440-454F-85DE-D04351475F54}.Debug|x86.ActiveCfg = Debug|Any CPU
		{4CC018B4-8440-454F-85DE-D04351475F54}.Debug|x86.Build.0 = Debug|Any CPU
		{4CC018B4-8440-454F-85DE-D04351475F54}.Release|Any CPU.ActiveCfg = Release|Any CPU
		{4CC018B4-8440-454F-85DE-D04351475F54}.Release|Any CPU.Build.0 = Release|Any CPU
		{4CC018B4-8440-454F-85DE-D04351475F54}.Release|x64.ActiveCfg = Release|Any CPU
		{4CC018B4-8440-454F-85DE-D04351475F54}.Release|x64.Build.0 = Release|Any CPU
		{4CC018B4-8440-454F-85DE-D04351475F54}.Release|x86.ActiveCfg = Release|Any CPU
		{4CC018B4-8440-454F-85DE-D04351475F54}.Release|x86.Build.0 = Release|Any CPU
		{E7D58602-4C14-4846-AF20-CBDD4F433884}.Debug|Any CPU.ActiveCfg = Debug|Any CPU
		{E7D58602-4C14-4846-AF20-CBDD4F433884}.Debug|Any CPU.Build.0 = Debug|Any CPU
		{E7D58602-4C14-4846-AF20-CBDD4F433884}.Debug|x64.ActiveCfg = Debug|Any CPU
		{E7D58602-4C14-4846-AF20-CBDD4F433884}.Debug|x64.Build.0 = Debug|Any CPU
		{E7D58602-4C14-4846-AF20-CBDD4F433884}.Debug|x86.ActiveCfg = Debug|Any CPU
		{E7D58602-4C14-4846-AF20-CBDD4F433884}.Debug|x86.Build.0 = Debug|Any CPU
		{E7D58602-4C14-4846-AF20-CBDD4F433884}.Release|Any CPU.ActiveCfg = Release|Any CPU
		{E7D58602-4C14-4846-AF20-CBDD4F433884}.Release|Any CPU.Build.0 = Release|Any CPU
		{E7D58602-4C14-4846-AF20-CBDD4F433884}.Release|x64.ActiveCfg = Release|Any CPU
		{E7D58602-4C14-4846-AF20-CBDD4F433884}.Release|x64.Build.0 = Release|Any CPU
		{E7D58602-4C14-4846-AF20-CBDD4F433884}.Release|x86.ActiveCfg = Release|Any CPU
		{E7D58602-4C14-4846-AF20-CBDD4F433884}.Release|x86.Build.0 = Release|Any CPU
	EndGlobalSection
EndGlobal
